
Microsoft Visual Studio Solution File, Format Version 12.00
# Visual Studio Version 17
VisualStudioVersion = 17.4.33403.182
MinimumVisualStudioVersion = 10.0.40219.1
Project("{FAE04EC0-301F-11D3-BF4B-00C04F79EFBC}") = "YourWebApi", "YourWebApi.csproj", "{FF572B41-C29C-422A-83F4-2098B176DADF}"
EndProject
Global
	GlobalSection(SolutionConfigurationPlatforms) = preSolution
		Debug|Any CPU = Debug|Any CPU
		Release|Any CPU = Release|Any CPU
	EndGlobalSection
	GlobalSection(ProjectConfigurationPlatforms) = postSolution
		{FF572B41-C29C-422A-83F4-2098B176DADF}.Debug|Any CPU.ActiveCfg = Debug|Any CPU
		{FF572B41-C29C-422A-83F4-2098B176DADF}.Debug|Any CPU.Build.0 = Debug|Any CPU
		{FF572B41-C29C-422A-83F4-2098B176DADF}.Release|Any CPU.ActiveCfg = Release|Any CPU
		{FF572B41-C29C-422A-83F4-2098B176DADF}.Release|Any CPU.Build.0 = Release|Any CPU
	EndGlobalSection
	GlobalSection(SolutionProperties) = preSolution
		HideSolutionNode = FALSE
	EndGlobalSection
	GlobalSection(ExtensibilityGlobals) = postSolution
		SolutionGuid = {A167BC32-7FB0-459C-8C7A-1E4459901D80}
	EndGlobalSection
EndGlobal
